
Microsoft Visual Studio Solution File, Format Version 12.00
Project("{FAE04EC0-301F-11D3-BF4B-00C04F79EFBC}") = "CLI", "CLI\CLI.csproj", "{10903684-163C-49DE-9309-08638831F12B}"
EndProject
Project("{FAE04EC0-301F-11D3-BF4B-00C04F79EFBC}") = "Core", "Core\Core.csproj", "{329D22EF-6FA6-49FA-ADC6-E560E055789F}"
EndProject
Global
	GlobalSection(SolutionConfigurationPlatforms) = preSolution
		Debug|Any CPU = Debug|Any CPU
		Release|Any CPU = Release|Any CPU
	EndGlobalSection
	GlobalSection(ProjectConfigurationPlatforms) = postSolution
		{10903684-163C-49DE-9309-08638831F12B}.Debug|Any CPU.ActiveCfg = Debug|Any CPU
		{10903684-163C-49DE-9309-08638831F12B}.Debug|Any CPU.Build.0 = Debug|Any CPU
		{10903684-163C-49DE-9309-08638831F12B}.Release|Any CPU.ActiveCfg = Release|Any CPU
		{10903684-163C-49DE-9309-08638831F12B}.Release|Any CPU.Build.0 = Release|Any CPU
		{329D22EF-6FA6-49FA-ADC6-E560E055789F}.Debug|Any CPU.ActiveCfg = Debug|Any CPU
		{329D22EF-6FA6-49FA-ADC6-E560E055789F}.Debug|Any CPU.Build.0 = Debug|Any CPU
		{329D22EF-6FA6-49FA-ADC6-E560E055789F}.Release|Any CPU.ActiveCfg = Release|Any CPU
		{329D22EF-6FA6-49FA-ADC6-E560E055789F}.Release|Any CPU.Build.0 = Release|Any CPU
	EndGlobalSection
EndGlobal
