
Microsoft Visual Studio Solution File, Format Version 12.00
Project("{FAE04EC0-301F-11D3-BF4B-00C04F79EFBC}") = "GameBoyEmulator", "GameBoyEmulator\GameBoyEmulator.csproj", "{B14CC471-5CD5-47BE-A890-58B13E0CCDE2}"
EndProject
Global
	GlobalSection(SolutionConfigurationPlatforms) = preSolution
		Debug|Any CPU = Debug|Any CPU
		Release|Any CPU = Release|Any CPU
	EndGlobalSection
	GlobalSection(ProjectConfigurationPlatforms) = postSolution
		{B14CC471-5CD5-47BE-A890-58B13E0CCDE2}.Debug|Any CPU.ActiveCfg = Debug|Any CPU
		{B14CC471-5CD5-47BE-A890-58B13E0CCDE2}.Debug|Any CPU.Build.0 = Debug|Any CPU
		{B14CC471-5CD5-47BE-A890-58B13E0CCDE2}.Release|Any CPU.ActiveCfg = Release|Any CPU
		{B14CC471-5CD5-47BE-A890-58B13E0CCDE2}.Release|Any CPU.Build.0 = Release|Any CPU
	EndGlobalSection
EndGlobal
